PODS:
  - Nimble (9.2.0)
  - Quick (4.0.0)

DEPENDENCIES:
  - Nimble (~> 9)
  - Quick

SPEC REPOS:
  https://github.com/CocoaPods/Specs.git:
    - Nimble
    - Quick

SPEC CHECKSUMS:
  Nimble: 4f4a345c80b503b3ea13606a4f98405974ee4d0b
  Quick: 6473349e43b9271a8d43839d9ba1c442ed1b7ac4

PODFILE CHECKSUM: c0520cfec6bd3e4aaba65bfa09ff006f86b71d5a

COCOAPODS: 1.9.3
